
Microsoft Visual Studio Solution File, Format Version 12.00
# Visual Studio 14
VisualStudioVersion = 14.0.24720.0
MinimumVisualStudioVersion = 10.0.40219.1
Project("{FAE04EC0-301F-11D3-BF4B-00C04F79EFBC}") = "Flowers' AurelionSol", "Flowers' AurelionSol.csproj", "{69FD1F0D-4B25-436D-9CC5-615FFC3627AD}"
EndProject
Global
	GlobalSection(SolutionConfigurationPlatforms) = preSolution
		Debug|Any CPU = Debug|Any CPU
		Release|Any CPU = Release|Any CPU
	EndGlobalSection
	GlobalSection(ProjectConfigurationPlatforms) = postSolution
		{69FD1F0D-4B25-436D-9CC5-615FFC3627AD}.Debug|Any CPU.ActiveCfg = Debug|Any CPU
		{69FD1F0D-4B25-436D-9CC5-615FFC3627AD}.Debug|Any CPU.Build.0 = Debug|Any CPU
		{69FD1F0D-4B25-436D-9CC5-615FFC3627AD}.Release|Any CPU.ActiveCfg = Release|Any CPU
		{69FD1F0D-4B25-436D-9CC5-615FFC3627AD}.Release|Any CPU.Build.0 = Release|Any CPU
	EndGlobalSection
	GlobalSection(SolutionProperties) = preSolution
		HideSolutionNode = FALSE
	EndGlobalSection
EndGlobal
